
Microsoft Visual Studio Solution File, Format Version 12.00
# Visual Studio Version 16
VisualStudioVersion = 16.0.29123.89
MinimumVisualStudioVersion = 10.0.40219.1
Project("{FAE04EC0-301F-11D3-BF4B-00C04F79EFBC}") = "UnitTest", "UnitTest\UnitTest.csproj", "{FE761435-AE2F-4E0C-98AC-D9158597FB89}"
EndProject
Project("{FAE04EC0-301F-11D3-BF4B-00C04F79EFBC}") = "UnitTest.Tests", "UnitTest.Tests\UnitTest.Tests.csproj", "{B66BE2A6-B8A6-4BC2-9836-5E013CDF320C}"
EndProject
Global
	GlobalSection(SolutionConfigurationPlatforms) = preSolution
		Debug|Any CPU = Debug|Any CPU
		Release|Any CPU = Release|Any CPU
	EndGlobalSection
	GlobalSection(ProjectConfigurationPlatforms) = postSolution
		{FE761435-AE2F-4E0C-98AC-D9158597FB89}.Debug|Any CPU.ActiveCfg = Debug|Any CPU
		{FE761435-AE2F-4E0C-98AC-D9158597FB89}.Debug|Any CPU.Build.0 = Debug|Any CPU
		{FE761435-AE2F-4E0C-98AC-D9158597FB89}.Release|Any CPU.ActiveCfg = Release|Any CPU
		{FE761435-AE2F-4E0C-98AC-D9158597FB89}.Release|Any CPU.Build.0 = Release|Any CPU
		{B66BE2A6-B8A6-4BC2-9836-5E013CDF320C}.Debug|Any CPU.ActiveCfg = Debug|Any CPU
		{B66BE2A6-B8A6-4BC2-9836-5E013CDF320C}.Debug|Any CPU.Build.0 = Debug|Any CPU
		{B66BE2A6-B8A6-4BC2-9836-5E013CDF320C}.Release|Any CPU.ActiveCfg = Release|Any CPU
		{B66BE2A6-B8A6-4BC2-9836-5E013CDF320C}.Release|Any CPU.Build.0 = Release|Any CPU
	EndGlobalSection
	GlobalSection(SolutionProperties) = preSolution
		HideSolutionNode = FALSE
	EndGlobalSection
	GlobalSection(ExtensibilityGlobals) = postSolution
		SolutionGuid = {E02B1DC5-02E2-4CFE-A3D1-27347A207721}
	EndGlobalSection
EndGlobal
